
Microsoft Visual Studio Solution File, Format Version 12.00
# Visual Studio 14
VisualStudioVersion = 14.0.24720.0
MinimumVisualStudioVersion = 10.0.40219.1
Project("{FAE04EC0-301F-11D3-BF4B-00C04F79EFBC}") = "InfoView", "InfoView.csproj", "{900E1CCE-6313-4CF4-B607-C1685569C19B}"
EndProject
Project("{2150E333-8FDC-42A3-9474-1A3956D46DE8}") = ".nuget", ".nuget", "{63BD5989-0A7D-4FBC-912A-5BFA17F202F1}"
	ProjectSection(SolutionItems) = preProject
		.nuget\packages.config = .nuget\packages.config
	EndProjectSection
EndProject
Project("{FAE04EC0-301F-11D3-BF4B-00C04F79EFBC}") = "GraphicsOverlay", "GraphicsOverlay\GraphicsOverlay.csproj", "{9CFE7CE1-1D46-45D2-A764-833F2DD99BC3}"
EndProject
Project("{FAE04EC0-301F-11D3-BF4B-00C04F79EFBC}") = "InfoViewApp.WP81", "InfoViewApp.WP81\InfoViewApp.WP81.csproj", "{0E308840-079B-4A17-AF80-5765B451C998}"
EndProject
Project("{FAE04EC0-301F-11D3-BF4B-00C04F79EFBC}") = "LockViewApp.WP81.Contracts", "LockViewApp.WP81.Contracts\LockViewApp.WP81.Contracts.csproj", "{D8A24836-91C1-4EDC-9608-CB05583503DD}"
EndProject
Project("{FAE04EC0-301F-11D3-BF4B-00C04F79EFBC}") = "LockViewApp.WP81.BackgroundAgent", "LockViewApp.WP81.BackgroundAgent\LockViewApp.WP81.BackgroundAgent.csproj", "{76EE9471-C8F6-4524-8F48-4057CC6A3A69}"
EndProject
Project("{FAE04EC0-301F-11D3-BF4B-00C04F79EFBC}") = "LockView.Universal", "LockView.Universal\LockView.Universal.csproj", "{3E5C06B4-70B2-40B2-8871-DDCCD77607FF}"
EndProject
Project("{FAE04EC0-301F-11D3-BF4B-00C04F79EFBC}") = "LockViewApp.W81", "LockViewApp.W81\LockViewApp.W81.csproj", "{4DEFB476-B220-41E1-89FB-2BDE96A0CBB2}"
EndProject
Project("{FAE04EC0-301F-11D3-BF4B-00C04F79EFBC}") = "LockViewApp.W81.DataContracts", "LockViewApp.W81.DataContracts\LockViewApp.W81.DataContracts.csproj", "{D81F3BC8-764A-46D0-AB1F-69FADBECAD61}"
EndProject
Project("{2150E333-8FDC-42A3-9474-1A3956D46DE8}") = "InfoView WebEnd", "InfoView WebEnd", "{3DC49ED7-5781-45DB-BBB5-450CC6041F37}"
EndProject
Project("{2150E333-8FDC-42A3-9474-1A3956D46DE8}") = "LockViewApp.WP81", "LockViewApp.WP81", "{FFFA737C-0AA6-4736-8B01-179A9B82F859}"
EndProject
Project("{2150E333-8FDC-42A3-9474-1A3956D46DE8}") = "W81", "W81", "{790EABDF-A277-457F-9425-6897D07A16D5}"
EndProject
Project("{FAE04EC0-301F-11D3-BF4B-00C04F79EFBC}") = "LockViewApp.W81.BackgroundTasks", "LockViewApp.W81.BackgroundTasks\LockViewApp.W81.BackgroundTasks.csproj", "{BF3BBFB3-6CEC-46B2-B7AC-E5D494F10CD7}"
EndProject
Project("{8BC9CEB8-8B4A-11D0-8D11-00A0C91BC942}") = "MetroHelpers", "MetroHelpers\MetroHelpers.vcxproj", "{336E94C4-B280-495A-BCAB-B6CE0B294356}"
EndProject
Project("{2150E333-8FDC-42A3-9474-1A3956D46DE8}") = "Doodles", "Doodles", "{B9B2E0F1-AF67-429D-A473-743BFD2D2241}"
EndProject
Project("{FAE04EC0-301F-11D3-BF4B-00C04F79EFBC}") = "TestDrive", "..\TestDrive\TestDrive.csproj", "{E7704C53-2160-4B00-BA5D-D844E8B1C39C}"
EndProject
Global
	GlobalSection(SolutionConfigurationPlatforms) = preSolution
		Debug|Any CPU = Debug|Any CPU
		Debug|ARM = Debug|ARM
		Debug|x64 = Debug|x64
		Debug|x86 = Debug|x86
		Release|Any CPU = Release|Any CPU
		Release|ARM = Release|ARM
		Release|x64 = Release|x64
		Release|x86 = Release|x86
	EndGlobalSection
	GlobalSection(ProjectConfigurationPlatforms) = postSolution
		{900E1CCE-6313-4CF4-B607-C1685569C19B}.Debug|Any CPU.ActiveCfg = Debug|Any CPU
		{900E1CCE-6313-4CF4-B607-C1685569C19B}.Debug|Any CPU.Build.0 = Debug|Any CPU
		{900E1CCE-6313-4CF4-B607-C1685569C19B}.Debug|ARM.ActiveCfg = Debug|Any CPU
		{900E1CCE-6313-4CF4-B607-C1685569C19B}.Debug|x64.ActiveCfg = Debug|Any CPU
		{900E1CCE-6313-4CF4-B607-C1685569C19B}.Debug|x86.ActiveCfg = Debug|Any CPU
		{900E1CCE-6313-4CF4-B607-C1685569C19B}.Release|Any CPU.ActiveCfg = Release|Any CPU
		{900E1CCE-6313-4CF4-B607-C1685569C19B}.Release|Any CPU.Build.0 = Release|Any CPU
		{900E1CCE-6313-4CF4-B607-C1685569C19B}.Release|ARM.ActiveCfg = Release|Any CPU
		{900E1CCE-6313-4CF4-B607-C1685569C19B}.Release|x64.ActiveCfg = Release|Any CPU
		{900E1CCE-6313-4CF4-B607-C1685569C19B}.Release|x86.ActiveCfg = Release|Any CPU
		{9CFE7CE1-1D46-45D2-A764-833F2DD99BC3}.Debug|Any CPU.ActiveCfg = Debug|Any CPU
		{9CFE7CE1-1D46-45D2-A764-833F2DD99BC3}.Debug|Any CPU.Build.0 = Debug|Any CPU
		{9CFE7CE1-1D46-45D2-A764-833F2DD99BC3}.Debug|ARM.ActiveCfg = Debug|Any CPU
		{9CFE7CE1-1D46-45D2-A764-833F2DD99BC3}.Debug|x64.ActiveCfg = Debug|Any CPU
		{9CFE7CE1-1D46-45D2-A764-833F2DD99BC3}.Debug|x86.ActiveCfg = Debug|Any CPU
		{9CFE7CE1-1D46-45D2-A764-833F2DD99BC3}.Release|Any CPU.ActiveCfg = Release|Any CPU
		{9CFE7CE1-1D46-45D2-A764-833F2DD99BC3}.Release|Any CPU.Build.0 = Release|Any CPU
		{9CFE7CE1-1D46-45D2-A764-833F2DD99BC3}.Release|ARM.ActiveCfg = Release|Any CPU
		{9CFE7CE1-1D46-45D2-A764-833F2DD99BC3}.Release|x64.ActiveCfg = Release|Any CPU
		{9CFE7CE1-1D46-45D2-A764-833F2DD99BC3}.Release|x86.ActiveCfg = Release|Any CPU
		{0E308840-079B-4A17-AF80-5765B451C998}.Debug|Any CPU.ActiveCfg = Debug|Any CPU
		{0E308840-079B-4A17-AF80-5765B451C998}.Debug|Any CPU.Build.0 = Debug|Any CPU
		{0E308840-079B-4A17-AF80-5765B451C998}.Debug|Any CPU.Deploy.0 = Debug|Any CPU
		{0E308840-079B-4A17-AF80-5765B451C998}.Debug|ARM.ActiveCfg = Debug|ARM
		{0E308840-079B-4A17-AF80-5765B451C998}.Debug|ARM.Build.0 = Debug|ARM
		{0E308840-079B-4A17-AF80-5765B451C998}.Debug|ARM.Deploy.0 = Debug|ARM
		{0E308840-079B-4A17-AF80-5765B451C998}.Debug|x64.ActiveCfg = Debug|Any CPU
		{0E308840-079B-4A17-AF80-5765B451C998}.Debug|x64.Build.0 = Debug|Any CPU
		{0E308840-079B-4A17-AF80-5765B451C998}.Debug|x64.Deploy.0 = Debug|Any CPU
		{0E308840-079B-4A17-AF80-5765B451C998}.Debug|x86.ActiveCfg = Debug|x86
		{0E308840-079B-4A17-AF80-5765B451C998}.Debug|x86.Build.0 = Debug|x86
		{0E308840-079B-4A17-AF80-5765B451C998}.Debug|x86.Deploy.0 = Debug|x86
		{0E308840-079B-4A17-AF80-5765B451C998}.Release|Any CPU.ActiveCfg = Release|Any CPU
		{0E308840-079B-4A17-AF80-5765B451C998}.Release|Any CPU.Build.0 = Release|Any CPU
		{0E308840-079B-4A17-AF80-5765B451C998}.Release|Any CPU.Deploy.0 = Release|Any CPU
		{0E308840-079B-4A17-AF80-5765B451C998}.Release|ARM.ActiveCfg = Release|ARM
		{0E308840-079B-4A17-AF80-5765B451C998}.Release|ARM.Build.0 = Release|ARM
		{0E308840-079B-4A17-AF80-5765B451C998}.Release|ARM.Deploy.0 = Release|ARM
		{0E308840-079B-4A17-AF80-5765B451C998}.Release|x64.ActiveCfg = Release|Any CPU
		{0E308840-079B-4A17-AF80-5765B451C998}.Release|x64.Build.0 = Release|Any CPU
		{0E308840-079B-4A17-AF80-5765B451C998}.Release|x64.Deploy.0 = Release|Any CPU
		{0E308840-079B-4A17-AF80-5765B451C998}.Release|x86.ActiveCfg = Release|x86
		{0E308840-079B-4A17-AF80-5765B451C998}.Release|x86.Build.0 = Release|x86
		{0E308840-079B-4A17-AF80-5765B451C998}.Release|x86.Deploy.0 = Release|x86
		{D8A24836-91C1-4EDC-9608-CB05583503DD}.Debug|Any CPU.ActiveCfg = Debug|Any CPU
		{D8A24836-91C1-4EDC-9608-CB05583503DD}.Debug|Any CPU.Build.0 = Debug|Any CPU
		{D8A24836-91C1-4EDC-9608-CB05583503DD}.Debug|ARM.ActiveCfg = Debug|ARM
		{D8A24836-91C1-4EDC-9608-CB05583503DD}.Debug|ARM.Build.0 = Debug|ARM
		{D8A24836-91C1-4EDC-9608-CB05583503DD}.Debug|x64.ActiveCfg = Debug|Any CPU
		{D8A24836-91C1-4EDC-9608-CB05583503DD}.Debug|x64.Build.0 = Debug|Any CPU
		{D8A24836-91C1-4EDC-9608-CB05583503DD}.Debug|x86.ActiveCfg = Debug|x86
		{D8A24836-91C1-4EDC-9608-CB05583503DD}.Debug|x86.Build.0 = Debug|x86
		{D8A24836-91C1-4EDC-9608-CB05583503DD}.Release|Any CPU.ActiveCfg = Release|Any CPU
		{D8A24836-91C1-4EDC-9608-CB05583503DD}.Release|Any CPU.Build.0 = Release|Any CPU
		{D8A24836-91C1-4EDC-9608-CB05583503DD}.Release|ARM.ActiveCfg = Release|ARM
		{D8A24836-91C1-4EDC-9608-CB05583503DD}.Release|ARM.Build.0 = Release|ARM
		{D8A24836-91C1-4EDC-9608-CB05583503DD}.Release|x64.ActiveCfg = Release|Any CPU
		{D8A24836-91C1-4EDC-9608-CB05583503DD}.Release|x64.Build.0 = Release|Any CPU
		{D8A24836-91C1-4EDC-9608-CB05583503DD}.Release|x86.ActiveCfg = Release|x86
		{D8A24836-91C1-4EDC-9608-CB05583503DD}.Release|x86.Build.0 = Release|x86
		{76EE9471-C8F6-4524-8F48-4057CC6A3A69}.Debug|Any CPU.ActiveCfg = Debug|Any CPU
		{76EE9471-C8F6-4524-8F48-4057CC6A3A69}.Debug|Any CPU.Build.0 = Debug|Any CPU
		{76EE9471-C8F6-4524-8F48-4057CC6A3A69}.Debug|ARM.ActiveCfg = Debug|ARM
		{76EE9471-C8F6-4524-8F48-4057CC6A3A69}.Debug|ARM.Build.0 = Debug|ARM
		{76EE9471-C8F6-4524-8F48-4057CC6A3A69}.Debug|x64.ActiveCfg = Debug|Any CPU
		{76EE9471-C8F6-4524-8F48-4057CC6A3A69}.Debug|x64.Build.0 = Debug|Any CPU
		{76EE9471-C8F6-4524-8F48-4057CC6A3A69}.Debug|x86.ActiveCfg = Debug|x86
		{76EE9471-C8F6-4524-8F48-4057CC6A3A69}.Debug|x86.Build.0 = Debug|x86
		{76EE9471-C8F6-4524-8F48-4057CC6A3A69}.Release|Any CPU.ActiveCfg = Release|Any CPU
		{76EE9471-C8F6-4524-8F48-4057CC6A3A69}.Release|Any CPU.Build.0 = Release|Any CPU
		{76EE9471-C8F6-4524-8F48-4057CC6A3A69}.Release|ARM.ActiveCfg = Release|ARM
		{76EE9471-C8F6-4524-8F48-4057CC6A3A69}.Release|ARM.Build.0 = Release|ARM
		{76EE9471-C8F6-4524-8F48-4057CC6A3A69}.Release|x64.ActiveCfg = Release|Any CPU
		{76EE9471-C8F6-4524-8F48-4057CC6A3A69}.Release|x64.Build.0 = Release|Any CPU
		{76EE9471-C8F6-4524-8F48-4057CC6A3A69}.Release|x86.ActiveCfg = Release|x86
		{76EE9471-C8F6-4524-8F48-4057CC6A3A69}.Release|x86.Build.0 = Release|x86
		{3E5C06B4-70B2-40B2-8871-DDCCD77607FF}.Debug|Any CPU.ActiveCfg = Debug|ARM
		{3E5C06B4-70B2-40B2-8871-DDCCD77607FF}.Debug|Any CPU.Build.0 = Debug|ARM
		{3E5C06B4-70B2-40B2-8871-DDCCD77607FF}.Debug|Any CPU.Deploy.0 = Debug|ARM
		{3E5C06B4-70B2-40B2-8871-DDCCD77607FF}.Debug|ARM.ActiveCfg = Debug|ARM
		{3E5C06B4-70B2-40B2-8871-DDCCD77607FF}.Debug|ARM.Build.0 = Debug|ARM
		{3E5C06B4-70B2-40B2-8871-DDCCD77607FF}.Debug|ARM.Deploy.0 = Debug|ARM
		{3E5C06B4-70B2-40B2-8871-DDCCD77607FF}.Debug|x64.ActiveCfg = Debug|x64
		{3E5C06B4-70B2-40B2-8871-DDCCD77607FF}.Debug|x64.Build.0 = Debug|x64
		{3E5C06B4-70B2-40B2-8871-DDCCD77607FF}.Debug|x64.Deploy.0 = Debug|x64
		{3E5C06B4-70B2-40B2-8871-DDCCD77607FF}.Debug|x86.ActiveCfg = Debug|x86
		{3E5C06B4-70B2-40B2-8871-DDCCD77607FF}.Debug|x86.Build.0 = Debug|x86
		{3E5C06B4-70B2-40B2-8871-DDCCD77607FF}.Debug|x86.Deploy.0 = Debug|x86
		{3E5C06B4-70B2-40B2-8871-DDCCD77607FF}.Release|Any CPU.ActiveCfg = Release|x86
		{3E5C06B4-70B2-40B2-8871-DDCCD77607FF}.Release|ARM.ActiveCfg = Release|ARM
		{3E5C06B4-70B2-40B2-8871-DDCCD77607FF}.Release|ARM.Build.0 = Release|ARM
		{3E5C06B4-70B2-40B2-8871-DDCCD77607FF}.Release|ARM.Deploy.0 = Release|ARM
		{3E5C06B4-70B2-40B2-8871-DDCCD77607FF}.Release|x64.ActiveCfg = Release|x64
		{3E5C06B4-70B2-40B2-8871-DDCCD77607FF}.Release|x64.Build.0 = Release|x64
		{3E5C06B4-70B2-40B2-8871-DDCCD77607FF}.Release|x64.Deploy.0 = Release|x64
		{3E5C06B4-70B2-40B2-8871-DDCCD77607FF}.Release|x86.ActiveCfg = Release|x86
		{3E5C06B4-70B2-40B2-8871-DDCCD77607FF}.Release|x86.Build.0 = Release|x86
		{3E5C06B4-70B2-40B2-8871-DDCCD77607FF}.Release|x86.Deploy.0 = Release|x86
		{4DEFB476-B220-41E1-89FB-2BDE96A0CBB2}.Debug|Any CPU.ActiveCfg = Debug|Any CPU
		{4DEFB476-B220-41E1-89FB-2BDE96A0CBB2}.Debug|Any CPU.Build.0 = Debug|Any CPU
		{4DEFB476-B220-41E1-89FB-2BDE96A0CBB2}.Debug|Any CPU.Deploy.0 = Debug|Any CPU
		{4DEFB476-B220-41E1-89FB-2BDE96A0CBB2}.Debug|ARM.ActiveCfg = Debug|ARM
		{4DEFB476-B220-41E1-89FB-2BDE96A0CBB2}.Debug|ARM.Build.0 = Debug|ARM
		{4DEFB476-B220-41E1-89FB-2BDE96A0CBB2}.Debug|ARM.Deploy.0 = Debug|ARM
		{4DEFB476-B220-41E1-89FB-2BDE96A0CBB2}.Debug|x64.ActiveCfg = Debug|x64
		{4DEFB476-B220-41E1-89FB-2BDE96A0CBB2}.Debug|x64.Build.0 = Debug|x64
		{4DEFB476-B220-41E1-89FB-2BDE96A0CBB2}.Debug|x64.Deploy.0 = Debug|x64
		{4DEFB476-B220-41E1-89FB-2BDE96A0CBB2}.Debug|x86.ActiveCfg = Debug|x86
		{4DEFB476-B220-41E1-89FB-2BDE96A0CBB2}.Debug|x86.Build.0 = Debug|x86
		{4DEFB476-B220-41E1-89FB-2BDE96A0CBB2}.Debug|x86.Deploy.0 = Debug|x86
		{4DEFB476-B220-41E1-89FB-2BDE96A0CBB2}.Release|Any CPU.ActiveCfg = Release|Any CPU
		{4DEFB476-B220-41E1-89FB-2BDE96A0CBB2}.Release|Any CPU.Build.0 = Release|Any CPU
		{4DEFB476-B220-41E1-89FB-2BDE96A0CBB2}.Release|Any CPU.Deploy.0 = Release|Any CPU
		{4DEFB476-B220-41E1-89FB-2BDE96A0CBB2}.Release|ARM.ActiveCfg = Release|ARM
		{4DEFB476-B220-41E1-89FB-2BDE96A0CBB2}.Release|ARM.Build.0 = Release|ARM
		{4DEFB476-B220-41E1-89FB-2BDE96A0CBB2}.Release|ARM.Deploy.0 = Release|ARM
		{4DEFB476-B220-41E1-89FB-2BDE96A0CBB2}.Release|x64.ActiveCfg = Release|x64
		{4DEFB476-B220-41E1-89FB-2BDE96A0CBB2}.Release|x64.Build.0 = Release|x64
		{4DEFB476-B220-41E1-89FB-2BDE96A0CBB2}.Release|x64.Deploy.0 = Release|x64
		{4DEFB476-B220-41E1-89FB-2BDE96A0CBB2}.Release|x86.ActiveCfg = Release|x86
		{4DEFB476-B220-41E1-89FB-2BDE96A0CBB2}.Release|x86.Build.0 = Release|x86
		{4DEFB476-B220-41E1-89FB-2BDE96A0CBB2}.Release|x86.Deploy.0 = Release|x86
		{D81F3BC8-764A-46D0-AB1F-69FADBECAD61}.Debug|Any CPU.ActiveCfg = Debug|Any CPU
		{D81F3BC8-764A-46D0-AB1F-69FADBECAD61}.Debug|Any CPU.Build.0 = Debug|Any CPU
		{D81F3BC8-764A-46D0-AB1F-69FADBECAD61}.Debug|ARM.ActiveCfg = Debug|ARM
		{D81F3BC8-764A-46D0-AB1F-69FADBECAD61}.Debug|ARM.Build.0 = Debug|ARM
		{D81F3BC8-764A-46D0-AB1F-69FADBECAD61}.Debug|x64.ActiveCfg = Debug|x64
		{D81F3BC8-764A-46D0-AB1F-69FADBECAD61}.Debug|x64.Build.0 = Debug|x64
		{D81F3BC8-764A-46D0-AB1F-69FADBECAD61}.Debug|x86.ActiveCfg = Debug|x86
		{D81F3BC8-764A-46D0-AB1F-69FADBECAD61}.Debug|x86.Build.0 = Debug|x86
		{D81F3BC8-764A-46D0-AB1F-69FADBECAD61}.Release|Any CPU.ActiveCfg = Release|Any CPU
		{D81F3BC8-764A-46D0-AB1F-69FADBECAD61}.Release|Any CPU.Build.0 = Release|Any CPU
		{D81F3BC8-764A-46D0-AB1F-69FADBECAD61}.Release|ARM.ActiveCfg = Release|ARM
		{D81F3BC8-764A-46D0-AB1F-69FADBECAD61}.Release|ARM.Build.0 = Release|ARM
		{D81F3BC8-764A-46D0-AB1F-69FADBECAD61}.Release|x64.ActiveCfg = Release|x64
		{D81F3BC8-764A-46D0-AB1F-69FADBECAD61}.Release|x64.Build.0 = Release|x64
		{D81F3BC8-764A-46D0-AB1F-69FADBECAD61}.Release|x86.ActiveCfg = Release|x86
		{D81F3BC8-764A-46D0-AB1F-69FADBECAD61}.Release|x86.Build.0 = Release|x86
		{BF3BBFB3-6CEC-46B2-B7AC-E5D494F10CD7}.Debug|Any CPU.ActiveCfg = Debug|Any CPU
		{BF3BBFB3-6CEC-46B2-B7AC-E5D494F10CD7}.Debug|Any CPU.Build.0 = Debug|Any CPU
		{BF3BBFB3-6CEC-46B2-B7AC-E5D494F10CD7}.Debug|ARM.ActiveCfg = Debug|ARM
		{BF3BBFB3-6CEC-46B2-B7AC-E5D494F10CD7}.Debug|ARM.Build.0 = Debug|ARM
		{BF3BBFB3-6CEC-46B2-B7AC-E5D494F10CD7}.Debug|x64.ActiveCfg = Debug|x64
		{BF3BBFB3-6CEC-46B2-B7AC-E5D494F10CD7}.Debug|x64.Build.0 = Debug|x64
		{BF3BBFB3-6CEC-46B2-B7AC-E5D494F10CD7}.Debug|x86.ActiveCfg = Debug|x86
		{BF3BBFB3-6CEC-46B2-B7AC-E5D494F10CD7}.Debug|x86.Build.0 = Debug|x86
		{BF3BBFB3-6CEC-46B2-B7AC-E5D494F10CD7}.Release|Any CPU.ActiveCfg = Release|Any CPU
		{BF3BBFB3-6CEC-46B2-B7AC-E5D494F10CD7}.Release|Any CPU.Build.0 = Release|Any CPU
		{BF3BBFB3-6CEC-46B2-B7AC-E5D494F10CD7}.Release|ARM.ActiveCfg = Release|ARM
		{BF3BBFB3-6CEC-46B2-B7AC-E5D494F10CD7}.Release|ARM.Build.0 = Release|ARM
		{BF3BBFB3-6CEC-46B2-B7AC-E5D494F10CD7}.Release|x64.ActiveCfg = Release|x64
		{BF3BBFB3-6CEC-46B2-B7AC-E5D494F10CD7}.Release|x64.Build.0 = Release|x64
		{BF3BBFB3-6CEC-46B2-B7AC-E5D494F10CD7}.Release|x86.ActiveCfg = Release|x86
		{BF3BBFB3-6CEC-46B2-B7AC-E5D494F10CD7}.Release|x86.Build.0 = Release|x86
		{336E94C4-B280-495A-BCAB-B6CE0B294356}.Debug|Any CPU.ActiveCfg = Debug|Win32
		{336E94C4-B280-495A-BCAB-B6CE0B294356}.Debug|ARM.ActiveCfg = Debug|ARM
		{336E94C4-B280-495A-BCAB-B6CE0B294356}.Debug|ARM.Build.0 = Debug|ARM
		{336E94C4-B280-495A-BCAB-B6CE0B294356}.Debug|x64.ActiveCfg = Debug|x64
		{336E94C4-B280-495A-BCAB-B6CE0B294356}.Debug|x64.Build.0 = Debug|x64
		{336E94C4-B280-495A-BCAB-B6CE0B294356}.Debug|x86.ActiveCfg = Debug|Win32
		{336E94C4-B280-495A-BCAB-B6CE0B294356}.Debug|x86.Build.0 = Debug|Win32
		{336E94C4-B280-495A-BCAB-B6CE0B294356}.Release|Any CPU.ActiveCfg = Release|Win32
		{336E94C4-B280-495A-BCAB-B6CE0B294356}.Release|Any CPU.Build.0 = Release|Win32
		{336E94C4-B280-495A-BCAB-B6CE0B294356}.Release|ARM.ActiveCfg = Release|ARM
		{336E94C4-B280-495A-BCAB-B6CE0B294356}.Release|ARM.Build.0 = Release|ARM
		{336E94C4-B280-495A-BCAB-B6CE0B294356}.Release|x64.ActiveCfg = Release|x64
		{336E94C4-B280-495A-BCAB-B6CE0B294356}.Release|x64.Build.0 = Release|x64
		{336E94C4-B280-495A-BCAB-B6CE0B294356}.Release|x86.ActiveCfg = Release|Win32
		{336E94C4-B280-495A-BCAB-B6CE0B294356}.Release|x86.Build.0 = Release|Win32
		{E7704C53-2160-4B00-BA5D-D844E8B1C39C}.Debug|Any CPU.ActiveCfg = Debug|Any CPU
		{E7704C53-2160-4B00-BA5D-D844E8B1C39C}.Debug|Any CPU.Build.0 = Debug|Any CPU
		{E7704C53-2160-4B00-BA5D-D844E8B1C39C}.Debug|ARM.ActiveCfg = Debug|Any CPU
		{E7704C53-2160-4B00-BA5D-D844E8B1C39C}.Debug|ARM.Build.0 = Debug|Any CPU
		{E7704C53-2160-4B00-BA5D-D844E8B1C39C}.Debug|x64.ActiveCfg = Debug|Any CPU
		{E7704C53-2160-4B00-BA5D-D844E8B1C39C}.Debug|x64.Build.0 = Debug|Any CPU
		{E7704C53-2160-4B00-BA5D-D844E8B1C39C}.Debug|x86.ActiveCfg = Debug|Any CPU
		{E7704C53-2160-4B00-BA5D-D844E8B1C39C}.Debug|x86.Build.0 = Debug|Any CPU
		{E7704C53-2160-4B00-BA5D-D844E8B1C39C}.Release|Any CPU.ActiveCfg = Release|Any CPU
		{E7704C53-2160-4B00-BA5D-D844E8B1C39C}.Release|Any CPU.Build.0 = Release|Any CPU
		{E7704C53-2160-4B00-BA5D-D844E8B1C39C}.Release|ARM.ActiveCfg = Release|Any CPU
		{E7704C53-2160-4B00-BA5D-D844E8B1C39C}.Release|ARM.Build.0 = Release|Any CPU
		{E7704C53-2160-4B00-BA5D-D844E8B1C39C}.Release|x64.ActiveCfg = Release|Any CPU
		{E7704C53-2160-4B00-BA5D-D844E8B1C39C}.Release|x64.Build.0 = Release|Any CPU
		{E7704C53-2160-4B00-BA5D-D844E8B1C39C}.Release|x86.ActiveCfg = Release|Any CPU
		{E7704C53-2160-4B00-BA5D-D844E8B1C39C}.Release|x86.Build.0 = Release|Any CPU
	EndGlobalSection
	GlobalSection(SolutionProperties) = preSolution
		HideSolutionNode = FALSE
	EndGlobalSection
	GlobalSection(NestedProjects) = preSolution
		{900E1CCE-6313-4CF4-B607-C1685569C19B} = {3DC49ED7-5781-45DB-BBB5-450CC6041F37}
		{9CFE7CE1-1D46-45D2-A764-833F2DD99BC3} = {3DC49ED7-5781-45DB-BBB5-450CC6041F37}
		{0E308840-079B-4A17-AF80-5765B451C998} = {FFFA737C-0AA6-4736-8B01-179A9B82F859}
		{D8A24836-91C1-4EDC-9608-CB05583503DD} = {FFFA737C-0AA6-4736-8B01-179A9B82F859}
		{76EE9471-C8F6-4524-8F48-4057CC6A3A69} = {FFFA737C-0AA6-4736-8B01-179A9B82F859}
		{4DEFB476-B220-41E1-89FB-2BDE96A0CBB2} = {790EABDF-A277-457F-9425-6897D07A16D5}
		{D81F3BC8-764A-46D0-AB1F-69FADBECAD61} = {790EABDF-A277-457F-9425-6897D07A16D5}
		{BF3BBFB3-6CEC-46B2-B7AC-E5D494F10CD7} = {790EABDF-A277-457F-9425-6897D07A16D5}
		{336E94C4-B280-495A-BCAB-B6CE0B294356} = {790EABDF-A277-457F-9425-6897D07A16D5}
		{E7704C53-2160-4B00-BA5D-D844E8B1C39C} = {B9B2E0F1-AF67-429D-A473-743BFD2D2241}
	EndGlobalSection
EndGlobal
